{
	"name": "5-typescript-demo-1",
	"version": "1.0.0",
	"lockfileVersion": 2,
	"requires": true,
	"packages": {
		"": {
			"name": "5-typescript-demo-1",
			"version": "1.0.0",
			"license": "ISC",
			"dependencies": {
				"really-relaxed-json": "^0.3.1",
				"reflect-metadata": "^0.1.13"
			}
		},
		"node_modules/really-relaxed-json": {
			"version": "0.3.1",
			"resolved": "https://registry.npmjs.org/really-relaxed-json/-/really-relaxed-json-0.3.1.tgz",
			"integrity": "sha512-IuYc1Vm2+M3Gr+rOmKEJkWKe7v268U+o/JWTwVUrCZrSb+L2tKWvYnWQoeNhCrrFadHzxuwpcFMO6++lv1CRMw=="
		},
		"node_modules/reflect-metadata": {
			"version": "0.1.13",
			"resolved": "https://registry.npmjs.org/reflect-metadata/-/reflect-metadata-0.1.13.tgz",
			"integrity": "sha512-Ts1Y/anZELhSsjMcU605fU9RE4Oi3p5ORujwbIKXfWa+0Zxs510Qrmrce5/Jowq3cHSZSJqBjypxmHarc+vEWg=="
		}
	},
	"dependencies": {
		"really-relaxed-json": {
			"version": "0.3.1",
			"resolved": "https://registry.npmjs.org/really-relaxed-json/-/really-relaxed-json-0.3.1.tgz",
			"integrity": "sha512-IuYc1Vm2+M3Gr+rOmKEJkWKe7v268U+o/JWTwVUrCZrSb+L2tKWvYnWQoeNhCrrFadHzxuwpcFMO6++lv1CRMw=="
		},
		"reflect-metadata": {
			"version": "0.1.13",
			"resolved": "https://registry.npmjs.org/reflect-metadata/-/reflect-metadata-0.1.13.tgz",
			"integrity": "sha512-Ts1Y/anZELhSsjMcU605fU9RE4Oi3p5ORujwbIKXfWa+0Zxs510Qrmrce5/Jowq3cHSZSJqBjypxmHarc+vEWg=="
		}
	}
}
